// !$*UTF8*$!
{
	archiveVersion = 1;
	classes = {
	};
	objectVersion = 56;
	objects = {

/* Begin PBXBuildFile section */
		5841731D2C46425C001EC132 /* HomeRestaurantLists.swift in Sources */ = {isa = PBXBuildFile; fileRef = 5841731C2C46425C001EC132 /* HomeRestaurantLists.swift */; };
		584173202C464695001EC132 /* HomeViewController.swift in Sources */ = {isa = PBXBuildFile; fileRef = 5841731F2C464695001EC132 /* HomeViewController.swift */; };
		584173272C464FFB001EC132 /* TabBarFlowCoordinator.swift in Sources */ = {isa = PBXBuildFile; fileRef = 584173262C464FFB001EC132 /* TabBarFlowCoordinator.swift */; };
		5841732A2C465598001EC132 /* AppConfiguration.swift in Sources */ = {isa = PBXBuildFile; fileRef = 584173292C465598001EC132 /* AppConfiguration.swift */; };
		5841732C2C465A35001EC132 /* AppFlowCoordinator.swift in Sources */ = {isa = PBXBuildFile; fileRef = 5841732B2C465A35001EC132 /* AppFlowCoordinator.swift */; };
		5841732F2C465A9D001EC132 /* AppDIContainer.swift in Sources */ = {isa = PBXBuildFile; fileRef = 5841732E2C465A9D001EC132 /* AppDIContainer.swift */; };
		584173312C465E96001EC132 /* HomeFlowCoordinator.swift in Sources */ = {isa = PBXBuildFile; fileRef = 584173302C465E96001EC132 /* HomeFlowCoordinator.swift */; };
		584173332C465F1C001EC132 /* HomeSceneDIContainer.swift in Sources */ = {isa = PBXBuildFile; fileRef = 584173322C465F1C001EC132 /* HomeSceneDIContainer.swift */; };
		584173362C4661B5001EC132 /* Coordinator.swift in Sources */ = {isa = PBXBuildFile; fileRef = 584173352C4661B5001EC132 /* Coordinator.swift */; };
		584173392C46664E001EC132 /* RecommendViewController.swift in Sources */ = {isa = PBXBuildFile; fileRef = 584173382C46664E001EC132 /* RecommendViewController.swift */; };
		5841733B2C467972001EC132 /* RecommendFlowCoordinator.swift in Sources */ = {isa = PBXBuildFile; fileRef = 5841733A2C467972001EC132 /* RecommendFlowCoordinator.swift */; };
		5841733D2C4679FE001EC132 /* RecommendSceneDIContainer.swift in Sources */ = {isa = PBXBuildFile; fileRef = 5841733C2C4679FE001EC132 /* RecommendSceneDIContainer.swift */; };
		584173402C467BDD001EC132 /* TabBarPage.swift in Sources */ = {isa = PBXBuildFile; fileRef = 5841733F2C467BDD001EC132 /* TabBarPage.swift */; };
		584173422C467E72001EC132 /* TierFlowCoordinator.swift in Sources */ = {isa = PBXBuildFile; fileRef = 584173412C467E72001EC132 /* TierFlowCoordinator.swift */; };
		584173452C467EB8001EC132 /* TierViewController.swift in Sources */ = {isa = PBXBuildFile; fileRef = 584173442C467EB8001EC132 /* TierViewController.swift */; };
		584173472C467F5B001EC132 /* TierSceneDIContainer.swift in Sources */ = {isa = PBXBuildFile; fileRef = 584173462C467F5B001EC132 /* TierSceneDIContainer.swift */; };
		584173492C468250001EC132 /* CommunityFlowCoordinator.swift in Sources */ = {isa = PBXBuildFile; fileRef = 584173482C468250001EC132 /* CommunityFlowCoordinator.swift */; };
		5841734D2C46829D001EC132 /* CommunityViewController.swift in Sources */ = {isa = PBXBuildFile; fileRef = 5841734C2C46829D001EC132 /* CommunityViewController.swift */; };
		5841734F2C4682C8001EC132 /* CommunitySceneDIContainer.swift in Sources */ = {isa = PBXBuildFile; fileRef = 5841734E2C4682C8001EC132 /* CommunitySceneDIContainer.swift */; };
		584173522C4683E3001EC132 /* MyPageViewController.swift in Sources */ = {isa = PBXBuildFile; fileRef = 584173512C4683E3001EC132 /* MyPageViewController.swift */; };
		584173542C468410001EC132 /* MyPageFlowCoordinator.swift in Sources */ = {isa = PBXBuildFile; fileRef = 584173532C468410001EC132 /* MyPageFlowCoordinator.swift */; };
		584173562C46844C001EC132 /* MyPageSceneDIContainer.swift in Sources */ = {isa = PBXBuildFile; fileRef = 584173552C46844C001EC132 /* MyPageSceneDIContainer.swift */; };
		5841736B2C47B845001EC132 /* UIImage+Resize.swift in Sources */ = {isa = PBXBuildFile; fileRef = 5841736A2C47B845001EC132 /* UIImage+Resize.swift */; };
		58D83A602C3A785800511AB9 /* AppDelegate.swift in Sources */ = {isa = PBXBuildFile; fileRef = 58D83A5F2C3A785800511AB9 /* AppDelegate.swift */; };
		58D83A622C3A785800511AB9 /* SceneDelegate.swift in Sources */ = {isa = PBXBuildFile; fileRef = 58D83A612C3A785800511AB9 /* SceneDelegate.swift */; };
		58D83A692C3A785A00511AB9 /* Assets.xcassets in Resources */ = {isa = PBXBuildFile; fileRef = 58D83A682C3A785A00511AB9 /* Assets.xcassets */; };
		58D83A6C2C3A785A00511AB9 /* LaunchScreen.storyboard in Resources */ = {isa = PBXBuildFile; fileRef = 58D83A6A2C3A785A00511AB9 /* LaunchScreen.storyboard */; };
		58D83A772C3A785A00511AB9 /* KustaurantTests.swift in Sources */ = {isa = PBXBuildFile; fileRef = 58D83A762C3A785A00511AB9 /* KustaurantTests.swift */; };
		58D83AFD2C463AE200511AB9 /* Restaurant.swift in Sources */ = {isa = PBXBuildFile; fileRef = 58D83AFC2C463AE200511AB9 /* Restaurant.swift */; };
		CF54AD082C4288F900E0DE68 /* Request.swift in Sources */ = {isa = PBXBuildFile; fileRef = CF54AD072C4288F900E0DE68 /* Request.swift */; };
		CF54AD0A2C42892E00E0DE68 /* RequestInterceptor.swift in Sources */ = {isa = PBXBuildFile; fileRef = CF54AD092C42892E00E0DE68 /* RequestInterceptor.swift */; };
		CF54AD0C2C42894100E0DE68 /* RequestRetrier.swift in Sources */ = {isa = PBXBuildFile; fileRef = CF54AD0B2C42894100E0DE68 /* RequestRetrier.swift */; };
		CF54AD0E2C42896100E0DE68 /* HTTPMethod.swift in Sources */ = {isa = PBXBuildFile; fileRef = CF54AD0D2C42896100E0DE68 /* HTTPMethod.swift */; };
		CF54AD102C42898400E0DE68 /* NetworkError.swift in Sources */ = {isa = PBXBuildFile; fileRef = CF54AD0F2C42898400E0DE68 /* NetworkError.swift */; };
		CF54AD122C4289A900E0DE68 /* Response.swift in Sources */ = {isa = PBXBuildFile; fileRef = CF54AD112C4289A900E0DE68 /* Response.swift */; };
		CF54AD142C4289B800E0DE68 /* DownloadResponse.swift in Sources */ = {isa = PBXBuildFile; fileRef = CF54AD132C4289B800E0DE68 /* DownloadResponse.swift */; };
		CF54AD162C4289C900E0DE68 /* DownloadRequest.swift in Sources */ = {isa = PBXBuildFile; fileRef = CF54AD152C4289C900E0DE68 /* DownloadRequest.swift */; };
		CF54AD182C4289EB00E0DE68 /* URLRequestBuilder.swift in Sources */ = {isa = PBXBuildFile; fileRef = CF54AD172C4289EB00E0DE68 /* URLRequestBuilder.swift */; };
/* End PBXBuildFile section */

/* Begin PBXContainerItemProxy section */
		58D83A732C3A785A00511AB9 /* PBXContainerItemProxy */ = {
			isa = PBXContainerItemProxy;
			containerPortal = 58D83A542C3A785800511AB9 /* Project object */;
			proxyType = 1;
			remoteGlobalIDString = 58D83A5B2C3A785800511AB9;
			remoteInfo = Kustaurant;
		};
/* End PBXContainerItemProxy section */

/* Begin PBXFileReference section */
		5841731C2C46425C001EC132 /* HomeRestaurantLists.swift */ = {isa = PBXFileReference; lastKnownFileType = sourcecode.swift; path = HomeRestaurantLists.swift; sourceTree = "<group>"; };
		5841731F2C464695001EC132 /* HomeViewController.swift */ = {isa = PBXFileReference; lastKnownFileType = sourcecode.swift; path = HomeViewController.swift; sourceTree = "<group>"; };
		584173262C464FFB001EC132 /* TabBarFlowCoordinator.swift */ = {isa = PBXFileReference; lastKnownFileType = sourcecode.swift; path = TabBarFlowCoordinator.swift; sourceTree = "<group>"; };
		584173292C465598001EC132 /* AppConfiguration.swift */ = {isa = PBXFileReference; lastKnownFileType = sourcecode.swift; path = AppConfiguration.swift; sourceTree = "<group>"; };
		5841732B2C465A35001EC132 /* AppFlowCoordinator.swift */ = {isa = PBXFileReference; lastKnownFileType = sourcecode.swift; path = AppFlowCoordinator.swift; sourceTree = "<group>"; };
		5841732E2C465A9D001EC132 /* AppDIContainer.swift */ = {isa = PBXFileReference; lastKnownFileType = sourcecode.swift; path = AppDIContainer.swift; sourceTree = "<group>"; };
		584173302C465E96001EC132 /* HomeFlowCoordinator.swift */ = {isa = PBXFileReference; lastKnownFileType = sourcecode.swift; path = HomeFlowCoordinator.swift; sourceTree = "<group>"; };
		584173322C465F1C001EC132 /* HomeSceneDIContainer.swift */ = {isa = PBXFileReference; lastKnownFileType = sourcecode.swift; path = HomeSceneDIContainer.swift; sourceTree = "<group>"; };
		584173352C4661B5001EC132 /* Coordinator.swift */ = {isa = PBXFileReference; lastKnownFileType = sourcecode.swift; path = Coordinator.swift; sourceTree = "<group>"; };
		584173382C46664E001EC132 /* RecommendViewController.swift */ = {isa = PBXFileReference; lastKnownFileType = sourcecode.swift; path = RecommendViewController.swift; sourceTree = "<group>"; };
		5841733A2C467972001EC132 /* RecommendFlowCoordinator.swift */ = {isa = PBXFileReference; lastKnownFileType = sourcecode.swift; path = RecommendFlowCoordinator.swift; sourceTree = "<group>"; };
		5841733C2C4679FE001EC132 /* RecommendSceneDIContainer.swift */ = {isa = PBXFileReference; lastKnownFileType = sourcecode.swift; path = RecommendSceneDIContainer.swift; sourceTree = "<group>"; };
		5841733F2C467BDD001EC132 /* TabBarPage.swift */ = {isa = PBXFileReference; lastKnownFileType = sourcecode.swift; path = TabBarPage.swift; sourceTree = "<group>"; };
		584173412C467E72001EC132 /* TierFlowCoordinator.swift */ = {isa = PBXFileReference; lastKnownFileType = sourcecode.swift; path = TierFlowCoordinator.swift; sourceTree = "<group>"; };
		584173442C467EB8001EC132 /* TierViewController.swift */ = {isa = PBXFileReference; lastKnownFileType = sourcecode.swift; path = TierViewController.swift; sourceTree = "<group>"; };
		584173462C467F5B001EC132 /* TierSceneDIContainer.swift */ = {isa = PBXFileReference; lastKnownFileType = sourcecode.swift; path = TierSceneDIContainer.swift; sourceTree = "<group>"; };
		584173482C468250001EC132 /* CommunityFlowCoordinator.swift */ = {isa = PBXFileReference; lastKnownFileType = sourcecode.swift; path = CommunityFlowCoordinator.swift; sourceTree = "<group>"; };
		5841734C2C46829D001EC132 /* CommunityViewController.swift */ = {isa = PBXFileReference; lastKnownFileType = sourcecode.swift; path = CommunityViewController.swift; sourceTree = "<group>"; };
		5841734E2C4682C8001EC132 /* CommunitySceneDIContainer.swift */ = {isa = PBXFileReference; lastKnownFileType = sourcecode.swift; path = CommunitySceneDIContainer.swift; sourceTree = "<group>"; };
		584173512C4683E3001EC132 /* MyPageViewController.swift */ = {isa = PBXFileReference; lastKnownFileType = sourcecode.swift; path = MyPageViewController.swift; sourceTree = "<group>"; };
		584173532C468410001EC132 /* MyPageFlowCoordinator.swift */ = {isa = PBXFileReference; lastKnownFileType = sourcecode.swift; path = MyPageFlowCoordinator.swift; sourceTree = "<group>"; };
		584173552C46844C001EC132 /* MyPageSceneDIContainer.swift */ = {isa = PBXFileReference; lastKnownFileType = sourcecode.swift; path = MyPageSceneDIContainer.swift; sourceTree = "<group>"; };
		5841736A2C47B845001EC132 /* UIImage+Resize.swift */ = {isa = PBXFileReference; lastKnownFileType = sourcecode.swift; path = "UIImage+Resize.swift"; sourceTree = "<group>"; };
		58D83A5C2C3A785800511AB9 /* Kustaurant.app */ = {isa = PBXFileReference; explicitFileType = wrapper.application; includeInIndex = 0; path = Kustaurant.app; sourceTree = BUILT_PRODUCTS_DIR; };
		58D83A5F2C3A785800511AB9 /* AppDelegate.swift */ = {isa = PBXFileReference; lastKnownFileType = sourcecode.swift; path = AppDelegate.swift; sourceTree = "<group>"; };
		58D83A612C3A785800511AB9 /* SceneDelegate.swift */ = {isa = PBXFileReference; lastKnownFileType = sourcecode.swift; path = SceneDelegate.swift; sourceTree = "<group>"; };
		58D83A682C3A785A00511AB9 /* Assets.xcassets */ = {isa = PBXFileReference; lastKnownFileType = folder.assetcatalog; path = Assets.xcassets; sourceTree = "<group>"; };
		58D83A6B2C3A785A00511AB9 /* Base */ = {isa = PBXFileReference; lastKnownFileType = file.storyboard; name = Base; path = Base.lproj/LaunchScreen.storyboard; sourceTree = "<group>"; };
		58D83A6D2C3A785A00511AB9 /* Info.plist */ = {isa = PBXFileReference; lastKnownFileType = text.plist.xml; path = Info.plist; sourceTree = "<group>"; };
		58D83A722C3A785A00511AB9 /* KustaurantTests.xctest */ = {isa = PBXFileReference; explicitFileType = wrapper.cfbundle; includeInIndex = 0; path = KustaurantTests.xctest; sourceTree = BUILT_PRODUCTS_DIR; };
		58D83A762C3A785A00511AB9 /* KustaurantTests.swift */ = {isa = PBXFileReference; lastKnownFileType = sourcecode.swift; path = KustaurantTests.swift; sourceTree = "<group>"; };
		58D83AFC2C463AE200511AB9 /* Restaurant.swift */ = {isa = PBXFileReference; lastKnownFileType = sourcecode.swift; path = Restaurant.swift; sourceTree = "<group>"; };
		CF54AD072C4288F900E0DE68 /* Request.swift */ = {isa = PBXFileReference; lastKnownFileType = sourcecode.swift; path = Request.swift; sourceTree = "<group>"; };
		CF54AD092C42892E00E0DE68 /* RequestInterceptor.swift */ = {isa = PBXFileReference; lastKnownFileType = sourcecode.swift; path = RequestInterceptor.swift; sourceTree = "<group>"; };
		CF54AD0B2C42894100E0DE68 /* RequestRetrier.swift */ = {isa = PBXFileReference; lastKnownFileType = sourcecode.swift; path = RequestRetrier.swift; sourceTree = "<group>"; };
		CF54AD0D2C42896100E0DE68 /* HTTPMethod.swift */ = {isa = PBXFileReference; lastKnownFileType = sourcecode.swift; path = HTTPMethod.swift; sourceTree = "<group>"; };
		CF54AD0F2C42898400E0DE68 /* NetworkError.swift */ = {isa = PBXFileReference; lastKnownFileType = sourcecode.swift; path = NetworkError.swift; sourceTree = "<group>"; };
		CF54AD112C4289A900E0DE68 /* Response.swift */ = {isa = PBXFileReference; lastKnownFileType = sourcecode.swift; path = Response.swift; sourceTree = "<group>"; };
		CF54AD132C4289B800E0DE68 /* DownloadResponse.swift */ = {isa = PBXFileReference; lastKnownFileType = sourcecode.swift; path = DownloadResponse.swift; sourceTree = "<group>"; };
		CF54AD152C4289C900E0DE68 /* DownloadRequest.swift */ = {isa = PBXFileReference; lastKnownFileType = sourcecode.swift; path = DownloadRequest.swift; sourceTree = "<group>"; };
		CF54AD172C4289EB00E0DE68 /* URLRequestBuilder.swift */ = {isa = PBXFileReference; lastKnownFileType = sourcecode.swift; path = URLRequestBuilder.swift; sourceTree = "<group>"; };
/* End PBXFileReference section */

/* Begin PBXFrameworksBuildPhase section */
		58D83A592C3A785800511AB9 /* Frameworks */ = {
			isa = PBXFrameworksBuildPhase;
			buildActionMask = 2147483647;
			files = (
			);
			runOnlyForDeploymentPostprocessing = 0;
		};
		58D83A6F2C3A785A00511AB9 /* Frameworks */ = {
			isa = PBXFrameworksBuildPhase;
			buildActionMask = 2147483647;
			files = (
			);
			runOnlyForDeploymentPostprocessing = 0;
		};
/* End PBXFrameworksBuildPhase section */

/* Begin PBXGroup section */
		5841731E2C46467B001EC132 /* Home */ = {
			isa = PBXGroup;
			children = (
				5841731F2C464695001EC132 /* HomeViewController.swift */,
			);
			path = Home;
			sourceTree = "<group>";
		};
		584173222C464E27001EC132 /* Utils */ = {
			isa = PBXGroup;
			children = (
				584173692C47B7CD001EC132 /* Extensions */,
				5841733E2C467BCF001EC132 /* Enums */,
				584173342C4661AC001EC132 /* Protocols */,
			);
			path = Utils;
			sourceTree = "<group>";
		};
		584173252C464FEC001EC132 /* Flows */ = {
			isa = PBXGroup;
			children = (
				584173262C464FFB001EC132 /* TabBarFlowCoordinator.swift */,
				584173302C465E96001EC132 /* HomeFlowCoordinator.swift */,
				5841733A2C467972001EC132 /* RecommendFlowCoordinator.swift */,
				584173412C467E72001EC132 /* TierFlowCoordinator.swift */,
				584173482C468250001EC132 /* CommunityFlowCoordinator.swift */,
				584173532C468410001EC132 /* MyPageFlowCoordinator.swift */,
			);
			path = Flows;
			sourceTree = "<group>";
		};
		5841732D2C465A92001EC132 /* DIContainer */ = {
			isa = PBXGroup;
			children = (
				5841732E2C465A9D001EC132 /* AppDIContainer.swift */,
				584173322C465F1C001EC132 /* HomeSceneDIContainer.swift */,
				5841733C2C4679FE001EC132 /* RecommendSceneDIContainer.swift */,
				584173462C467F5B001EC132 /* TierSceneDIContainer.swift */,
				5841734E2C4682C8001EC132 /* CommunitySceneDIContainer.swift */,
				584173552C46844C001EC132 /* MyPageSceneDIContainer.swift */,
			);
			path = DIContainer;
			sourceTree = "<group>";
		};
		584173342C4661AC001EC132 /* Protocols */ = {
			isa = PBXGroup;
			children = (
				584173352C4661B5001EC132 /* Coordinator.swift */,
			);
			path = Protocols;
			sourceTree = "<group>";
		};
		584173372C46663B001EC132 /* Recommend */ = {
			isa = PBXGroup;
			children = (
				584173382C46664E001EC132 /* RecommendViewController.swift */,
			);
			path = Recommend;
			sourceTree = "<group>";
		};
		5841733E2C467BCF001EC132 /* Enums */ = {
			isa = PBXGroup;
			children = (
				5841733F2C467BDD001EC132 /* TabBarPage.swift */,
			);
			path = Enums;
			sourceTree = "<group>";
		};
		584173432C467EA9001EC132 /* Tier */ = {
			isa = PBXGroup;
			children = (
				584173442C467EB8001EC132 /* TierViewController.swift */,
			);
			path = Tier;
			sourceTree = "<group>";
		};
		5841734B2C468293001EC132 /* Community */ = {
			isa = PBXGroup;
			children = (
				5841734C2C46829D001EC132 /* CommunityViewController.swift */,
			);
			path = Community;
			sourceTree = "<group>";
		};
		584173502C4683D5001EC132 /* MyPage */ = {
			isa = PBXGroup;
			children = (
				584173512C4683E3001EC132 /* MyPageViewController.swift */,
			);
			path = MyPage;
			sourceTree = "<group>";
		};
		584173692C47B7CD001EC132 /* Extensions */ = {
			isa = PBXGroup;
			children = (
				5841736A2C47B845001EC132 /* UIImage+Resize.swift */,
			);
			path = Extensions;
			sourceTree = "<group>";
		};
		58D83A532C3A785800511AB9 = {
			isa = PBXGroup;
			children = (
				58D83A5E2C3A785800511AB9 /* Kustaurant */,
				58D83A752C3A785A00511AB9 /* KustaurantTests */,
				58D83A5D2C3A785800511AB9 /* Products */,
			);
			sourceTree = "<group>";
		};
		58D83A5D2C3A785800511AB9 /* Products */ = {
			isa = PBXGroup;
			children = (
				58D83A5C2C3A785800511AB9 /* Kustaurant.app */,
				58D83A722C3A785A00511AB9 /* KustaurantTests.xctest */,
			);
			name = Products;
			sourceTree = "<group>";
		};
		58D83A5E2C3A785800511AB9 /* Kustaurant */ = {
			isa = PBXGroup;
			children = (
				58D83A902C3A79C400511AB9 /* Application */,
				58D83A912C3A7A1C00511AB9 /* Presentation */,
				58D83AFA2C463AB100511AB9 /* Domain */,
				CF54AD062C42889500E0DE68 /* Network */,
				58D83A8F2C3A79B400511AB9 /* Resources */,
			);
			path = Kustaurant;
			sourceTree = "<group>";
		};
		58D83A752C3A785A00511AB9 /* KustaurantTests */ = {
			isa = PBXGroup;
			children = (
				58D83A762C3A785A00511AB9 /* KustaurantTests.swift */,
			);
			path = KustaurantTests;
			sourceTree = "<group>";
		};
		58D83A8F2C3A79B400511AB9 /* Resources */ = {
			isa = PBXGroup;
			children = (
				58D83A682C3A785A00511AB9 /* Assets.xcassets */,
				58D83A6A2C3A785A00511AB9 /* LaunchScreen.storyboard */,
				58D83A6D2C3A785A00511AB9 /* Info.plist */,
			);
			path = Resources;
			sourceTree = "<group>";
		};
		58D83A902C3A79C400511AB9 /* Application */ = {
			isa = PBXGroup;
			children = (
				58D83A5F2C3A785800511AB9 /* AppDelegate.swift */,
				58D83A612C3A785800511AB9 /* SceneDelegate.swift */,
				584173292C465598001EC132 /* AppConfiguration.swift */,
				5841732B2C465A35001EC132 /* AppFlowCoordinator.swift */,
				5841732D2C465A92001EC132 /* DIContainer */,
			);
			path = Application;
			sourceTree = "<group>";
		};
		58D83A912C3A7A1C00511AB9 /* Presentation */ = {
			isa = PBXGroup;
			children = (
				584173252C464FEC001EC132 /* Flows */,
				5841731E2C46467B001EC132 /* Home */,
				584173372C46663B001EC132 /* Recommend */,
				584173432C467EA9001EC132 /* Tier */,
				5841734B2C468293001EC132 /* Community */,
				584173502C4683D5001EC132 /* MyPage */,
				584173222C464E27001EC132 /* Utils */,
			);
			path = Presentation;
			sourceTree = "<group>";
		};
		58D83AFA2C463AB100511AB9 /* Domain */ = {
			isa = PBXGroup;
			children = (
				58D83AFB2C463AC300511AB9 /* Entities */,
			);
			path = Domain;
			sourceTree = "<group>";
		};
		58D83AFB2C463AC300511AB9 /* Entities */ = {
			isa = PBXGroup;
			children = (
				58D83AFC2C463AE200511AB9 /* Restaurant.swift */,
				5841731C2C46425C001EC132 /* HomeRestaurantLists.swift */,
			);
			path = Entities;
			sourceTree = "<group>";
		};
		CF54AD062C42889500E0DE68 /* Network */ = {
			isa = PBXGroup;
			children = (
				CF54AD0D2C42896100E0DE68 /* HTTPMethod.swift */,
				CF54AD0F2C42898400E0DE68 /* NetworkError.swift */,
				CF54AD092C42892E00E0DE68 /* RequestInterceptor.swift */,
				CF54AD0B2C42894100E0DE68 /* RequestRetrier.swift */,
				CF54AD072C4288F900E0DE68 /* Request.swift */,
				CF54AD152C4289C900E0DE68 /* DownloadRequest.swift */,
				CF54AD112C4289A900E0DE68 /* Response.swift */,
				CF54AD132C4289B800E0DE68 /* DownloadResponse.swift */,
				CF54AD172C4289EB00E0DE68 /* URLRequestBuilder.swift */,
			);
			path = Network;
			sourceTree = "<group>";
		};
/* End PBXGroup section */

/* Begin PBXNativeTarget section */
		58D83A5B2C3A785800511AB9 /* Kustaurant */ = {
			isa = PBXNativeTarget;
			buildConfigurationList = 58D83A862C3A785A00511AB9 /* Build configuration list for PBXNativeTarget "Kustaurant" */;
			buildPhases = (
				58D83A582C3A785800511AB9 /* Sources */,
				58D83A592C3A785800511AB9 /* Frameworks */,
				58D83A5A2C3A785800511AB9 /* Resources */,
			);
			buildRules = (
			);
			dependencies = (
			);
			name = Kustaurant;
			productName = Kustaurant;
			productReference = 58D83A5C2C3A785800511AB9 /* Kustaurant.app */;
			productType = "com.apple.product-type.application";
		};
		58D83A712C3A785A00511AB9 /* KustaurantTests */ = {
			isa = PBXNativeTarget;
			buildConfigurationList = 58D83A892C3A785A00511AB9 /* Build configuration list for PBXNativeTarget "KustaurantTests" */;
			buildPhases = (
				58D83A6E2C3A785A00511AB9 /* Sources */,
				58D83A6F2C3A785A00511AB9 /* Frameworks */,
				58D83A702C3A785A00511AB9 /* Resources */,
			);
			buildRules = (
			);
			dependencies = (
				58D83A742C3A785A00511AB9 /* PBXTargetDependency */,
			);
			name = KustaurantTests;
			productName = KustaurantTests;
			productReference = 58D83A722C3A785A00511AB9 /* KustaurantTests.xctest */;
			productType = "com.apple.product-type.bundle.unit-test";
		};
/* End PBXNativeTarget section */

/* Begin PBXProject section */
		58D83A542C3A785800511AB9 /* Project object */ = {
			isa = PBXProject;
			attributes = {
				BuildIndependentTargetsInParallel = 1;
				LastSwiftUpdateCheck = 1520;
				LastUpgradeCheck = 1520;
				TargetAttributes = {
					58D83A5B2C3A785800511AB9 = {
						CreatedOnToolsVersion = 15.2;
					};
					58D83A712C3A785A00511AB9 = {
						CreatedOnToolsVersion = 15.2;
						TestTargetID = 58D83A5B2C3A785800511AB9;
					};
				};
			};
			buildConfigurationList = 58D83A572C3A785800511AB9 /* Build configuration list for PBXProject "Kustaurant" */;
			compatibilityVersion = "Xcode 14.0";
			developmentRegion = en;
			hasScannedForEncodings = 0;
			knownRegions = (
				en,
				Base,
			);
			mainGroup = 58D83A532C3A785800511AB9;
			productRefGroup = 58D83A5D2C3A785800511AB9 /* Products */;
			projectDirPath = "";
			projectRoot = "";
			targets = (
				58D83A5B2C3A785800511AB9 /* Kustaurant */,
				58D83A712C3A785A00511AB9 /* KustaurantTests */,
			);
		};
/* End PBXProject section */

/* Begin PBXResourcesBuildPhase section */
		58D83A5A2C3A785800511AB9 /* Resources */ = {
			isa = PBXResourcesBuildPhase;
			buildActionMask = 2147483647;
			files = (
				58D83A6C2C3A785A00511AB9 /* LaunchScreen.storyboard in Resources */,
				58D83A692C3A785A00511AB9 /* Assets.xcassets in Resources */,
			);
			runOnlyForDeploymentPostprocessing = 0;
		};
		58D83A702C3A785A00511AB9 /* Resources */ = {
			isa = PBXResourcesBuildPhase;
			buildActionMask = 2147483647;
			files = (
			);
			runOnlyForDeploymentPostprocessing = 0;
		};
/* End PBXResourcesBuildPhase section */

/* Begin PBXSourcesBuildPhase section */
		58D83A582C3A785800511AB9 /* Sources */ = {
			isa = PBXSourcesBuildPhase;
			buildActionMask = 2147483647;
			files = (
				58D83AFD2C463AE200511AB9 /* Restaurant.swift in Sources */,
				5841731D2C46425C001EC132 /* HomeRestaurantLists.swift in Sources */,
				CF54AD102C42898400E0DE68 /* NetworkError.swift in Sources */,
				CF54AD082C4288F900E0DE68 /* Request.swift in Sources */,
				584173472C467F5B001EC132 /* TierSceneDIContainer.swift in Sources */,
				CF54AD0E2C42896100E0DE68 /* HTTPMethod.swift in Sources */,
				5841733B2C467972001EC132 /* RecommendFlowCoordinator.swift in Sources */,
				5841734D2C46829D001EC132 /* CommunityViewController.swift in Sources */,
				584173452C467EB8001EC132 /* TierViewController.swift in Sources */,
				CF54AD162C4289C900E0DE68 /* DownloadRequest.swift in Sources */,
				584173362C4661B5001EC132 /* Coordinator.swift in Sources */,
				CF54AD182C4289EB00E0DE68 /* URLRequestBuilder.swift in Sources */,
				584173312C465E96001EC132 /* HomeFlowCoordinator.swift in Sources */,
				584173402C467BDD001EC132 /* TabBarPage.swift in Sources */,
				584173562C46844C001EC132 /* MyPageSceneDIContainer.swift in Sources */,
				CF54AD122C4289A900E0DE68 /* Response.swift in Sources */,
				CF54AD0A2C42892E00E0DE68 /* RequestInterceptor.swift in Sources */,
				58D83A602C3A785800511AB9 /* AppDelegate.swift in Sources */,
				5841732C2C465A35001EC132 /* AppFlowCoordinator.swift in Sources */,
				584173272C464FFB001EC132 /* TabBarFlowCoordinator.swift in Sources */,
				5841732F2C465A9D001EC132 /* AppDIContainer.swift in Sources */,
				584173202C464695001EC132 /* HomeViewController.swift in Sources */,
				58D83A622C3A785800511AB9 /* SceneDelegate.swift in Sources */,
				5841732A2C465598001EC132 /* AppConfiguration.swift in Sources */,
				5841736B2C47B845001EC132 /* UIImage+Resize.swift in Sources */,
				CF54AD142C4289B800E0DE68 /* DownloadResponse.swift in Sources */,
				584173332C465F1C001EC132 /* HomeSceneDIContainer.swift in Sources */,
				CF54AD0C2C42894100E0DE68 /* RequestRetrier.swift in Sources */,
				584173542C468410001EC132 /* MyPageFlowCoordinator.swift in Sources */,
				5841733D2C4679FE001EC132 /* RecommendSceneDIContainer.swift in Sources */,
				584173522C4683E3001EC132 /* MyPageViewController.swift in Sources */,
				584173422C467E72001EC132 /* TierFlowCoordinator.swift in Sources */,
				5841734F2C4682C8001EC132 /* CommunitySceneDIContainer.swift in Sources */,
				584173492C468250001EC132 /* CommunityFlowCoordinator.swift in Sources */,
				584173392C46664E001EC132 /* RecommendViewController.swift in Sources */,
			);
			runOnlyForDeploymentPostprocessing = 0;
		};
		58D83A6E2C3A785A00511AB9 /* Sources */ = {
			isa = PBXSourcesBuildPhase;
			buildActionMask = 2147483647;
			files = (
				58D83A772C3A785A00511AB9 /* KustaurantTests.swift in Sources */,
			);
			runOnlyForDeploymentPostprocessing = 0;
		};
/* End PBXSourcesBuildPhase section */

/* Begin PBXTargetDependency section */
		58D83A742C3A785A00511AB9 /* PBXTargetDependency */ = {
			isa = PBXTargetDependency;
			target = 58D83A5B2C3A785800511AB9 /* Kustaurant */;
			targetProxy = 58D83A732C3A785A00511AB9 /* PBXContainerItemProxy */;
		};
/* End PBXTargetDependency section */

/* Begin PBXVariantGroup section */
		58D83A6A2C3A785A00511AB9 /* LaunchScreen.storyboard */ = {
			isa = PBXVariantGroup;
			children = (
				58D83A6B2C3A785A00511AB9 /* Base */,
			);
			name = LaunchScreen.storyboard;
			sourceTree = "<group>";
		};
/* End PBXVariantGroup section */

/* Begin XCBuildConfiguration section */
		58D83A842C3A785A00511AB9 /* Debug */ = {
			isa = XCBuildConfiguration;
			buildSettings = {
				ALWAYS_SEARCH_USER_PATHS = NO;
				ASSETCATALOG_COMPILER_GENERATE_SWIFT_ASSET_SYMBOL_EXTENSIONS = YES;
				CLANG_ANALYZER_NONNULL = YES;
				CLANG_ANALYZER_NUMBER_OBJECT_CONVERSION = YES_AGGRESSIVE;
				CLANG_CXX_LANGUAGE_STANDARD = "gnu++20";
				CLANG_ENABLE_MODULES = YES;
				CLANG_ENABLE_OBJC_ARC = YES;
				CLANG_ENABLE_OBJC_WEAK = YES;
				CLANG_WARN_BLOCK_CAPTURE_AUTORELEASING = YES;
				CLANG_WARN_BOOL_CONVERSION = YES;
				CLANG_WARN_COMMA = YES;
				CLANG_WARN_CONSTANT_CONVERSION = YES;
				CLANG_WARN_DEPRECATED_OBJC_IMPLEMENTATIONS = YES;
				CLANG_WARN_DIRECT_OBJC_ISA_USAGE = YES_ERROR;
				CLANG_WARN_DOCUMENTATION_COMMENTS = YES;
				CLANG_WARN_EMPTY_BODY = YES;
				CLANG_WARN_ENUM_CONVERSION = YES;
				CLANG_WARN_INFINITE_RECURSION = YES;
				CLANG_WARN_INT_CONVERSION = YES;
				CLANG_WARN_NON_LITERAL_NULL_CONVERSION = YES;
				CLANG_WARN_OBJC_IMPLICIT_RETAIN_SELF = YES;
				CLANG_WARN_OBJC_LITERAL_CONVERSION = YES;
				CLANG_WARN_OBJC_ROOT_CLASS = YES_ERROR;
				CLANG_WARN_QUOTED_INCLUDE_IN_FRAMEWORK_HEADER = YES;
				CLANG_WARN_RANGE_LOOP_ANALYSIS = YES;
				CLANG_WARN_STRICT_PROTOTYPES = YES;
				CLANG_WARN_SUSPICIOUS_MOVE = YES;
				CLANG_WARN_UNGUARDED_AVAILABILITY = YES_AGGRESSIVE;
				CLANG_WARN_UNREACHABLE_CODE = YES;
				CLANG_WARN__DUPLICATE_METHOD_MATCH = YES;
				COPY_PHASE_STRIP = NO;
				DEBUG_INFORMATION_FORMAT = dwarf;
				ENABLE_STRICT_OBJC_MSGSEND = YES;
				ENABLE_TESTABILITY = YES;
				ENABLE_USER_SCRIPT_SANDBOXING = YES;
				GCC_C_LANGUAGE_STANDARD = gnu17;
				GCC_DYNAMIC_NO_PIC = NO;
				GCC_NO_COMMON_BLOCKS = YES;
				GCC_OPTIMIZATION_LEVEL = 0;
				GCC_PREPROCESSOR_DEFINITIONS = (
					"DEBUG=1",
					"$(inherited)",
				);
				GCC_WARN_64_TO_32_BIT_CONVERSION = YES;
				GCC_WARN_ABOUT_RETURN_TYPE = YES_ERROR;
				GCC_WARN_UNDECLARED_SELECTOR = YES;
				GCC_WARN_UNINITIALIZED_AUTOS = YES_AGGRESSIVE;
				GCC_WARN_UNUSED_FUNCTION = YES;
				GCC_WARN_UNUSED_VARIABLE = YES;
				IPHONEOS_DEPLOYMENT_TARGET = 16.0;
				LOCALIZATION_PREFERS_STRING_CATALOGS = YES;
				MTL_ENABLE_DEBUG_INFO = INCLUDE_SOURCE;
				MTL_FAST_MATH = YES;
				ONLY_ACTIVE_ARCH = YES;
				SDKROOT = iphoneos;
				SWIFT_ACTIVE_COMPILATION_CONDITIONS = "DEBUG $(inherited)";
				SWIFT_OPTIMIZATION_LEVEL = "-Onone";
			};
			name = Debug;
		};
		58D83A852C3A785A00511AB9 /* Release */ = {
			isa = XCBuildConfiguration;
			buildSettings = {
				ALWAYS_SEARCH_USER_PATHS = NO;
				ASSETCATALOG_COMPILER_GENERATE_SWIFT_ASSET_SYMBOL_EXTENSIONS = YES;
				CLANG_ANALYZER_NONNULL = YES;
				CLANG_ANALYZER_NUMBER_OBJECT_CONVERSION = YES_AGGRESSIVE;
				CLANG_CXX_LANGUAGE_STANDARD = "gnu++20";
				CLANG_ENABLE_MODULES = YES;
				CLANG_ENABLE_OBJC_ARC = YES;
				CLANG_ENABLE_OBJC_WEAK = YES;
				CLANG_WARN_BLOCK_CAPTURE_AUTORELEASING = YES;
				CLANG_WARN_BOOL_CONVERSION = YES;
				CLANG_WARN_COMMA = YES;
				CLANG_WARN_CONSTANT_CONVERSION = YES;
				CLANG_WARN_DEPRECATED_OBJC_IMPLEMENTATIONS = YES;
				CLANG_WARN_DIRECT_OBJC_ISA_USAGE = YES_ERROR;
				CLANG_WARN_DOCUMENTATION_COMMENTS = YES;
				CLANG_WARN_EMPTY_BODY = YES;
				CLANG_WARN_ENUM_CONVERSION = YES;
				CLANG_WARN_INFINITE_RECURSION = YES;
				CLANG_WARN_INT_CONVERSION = YES;
				CLANG_WARN_NON_LITERAL_NULL_CONVERSION = YES;
				CLANG_WARN_OBJC_IMPLICIT_RETAIN_SELF = YES;
				CLANG_WARN_OBJC_LITERAL_CONVERSION = YES;
				CLANG_WARN_OBJC_ROOT_CLASS = YES_ERROR;
				CLANG_WARN_QUOTED_INCLUDE_IN_FRAMEWORK_HEADER = YES;
				CLANG_WARN_RANGE_LOOP_ANALYSIS = YES;
				CLANG_WARN_STRICT_PROTOTYPES = YES;
				CLANG_WARN_SUSPICIOUS_MOVE = YES;
				CLANG_WARN_UNGUARDED_AVAILABILITY = YES_AGGRESSIVE;
				CLANG_WARN_UNREACHABLE_CODE = YES;
				CLANG_WARN__DUPLICATE_METHOD_MATCH = YES;
				COPY_PHASE_STRIP = NO;
				DEBUG_INFORMATION_FORMAT = "dwarf-with-dsym";
				ENABLE_NS_ASSERTIONS = NO;
				ENABLE_STRICT_OBJC_MSGSEND = YES;
				ENABLE_USER_SCRIPT_SANDBOXING = YES;
				GCC_C_LANGUAGE_STANDARD = gnu17;
				GCC_NO_COMMON_BLOCKS = YES;
				GCC_WARN_64_TO_32_BIT_CONVERSION = YES;
				GCC_WARN_ABOUT_RETURN_TYPE = YES_ERROR;
				GCC_WARN_UNDECLARED_SELECTOR = YES;
				GCC_WARN_UNINITIALIZED_AUTOS = YES_AGGRESSIVE;
				GCC_WARN_UNUSED_FUNCTION = YES;
				GCC_WARN_UNUSED_VARIABLE = YES;
				IPHONEOS_DEPLOYMENT_TARGET = 16.0;
				LOCALIZATION_PREFERS_STRING_CATALOGS = YES;
				MTL_ENABLE_DEBUG_INFO = NO;
				MTL_FAST_MATH = YES;
				SDKROOT = iphoneos;
				SWIFT_COMPILATION_MODE = wholemodule;
				VALIDATE_PRODUCT = YES;
			};
			name = Release;
		};
		58D83A872C3A785A00511AB9 /* Debug */ = {
			isa = XCBuildConfiguration;
			buildSettings = {
				API_BASE_URL = "http://3.35.154.191:9090";
				ASSETCATALOG_COMPILER_APPICON_NAME = AppIcon;
				ASSETCATALOG_COMPILER_GLOBAL_ACCENT_COLOR_NAME = AccentColor;
				CODE_SIGN_STYLE = Automatic;
				CURRENT_PROJECT_VERSION = 1;
				DEVELOPMENT_TEAM = E98D6ZNGDP;
				GENERATE_INFOPLIST_FILE = YES;
				INFOPLIST_FILE = Kustaurant/Resources/Info.plist;
				INFOPLIST_KEY_UIApplicationSupportsIndirectInputEvents = YES;
				INFOPLIST_KEY_UILaunchStoryboardName = LaunchScreen;
				INFOPLIST_KEY_UIStatusBarStyle = "";
				INFOPLIST_KEY_UISupportedInterfaceOrientations = UIInterfaceOrientationPortrait;
				INFOPLIST_KEY_UISupportedInterfaceOrientations_iPad = "UIInterfaceOrientationLandscapeLeft UIInterfaceOrientationLandscapeRight UIInterfaceOrientationPortrait UIInterfaceOrientationPortraitUpsideDown";
				IPHONEOS_DEPLOYMENT_TARGET = 16.0;
				LD_RUNPATH_SEARCH_PATHS = (
					"$(inherited)",
					"@executable_path/Frameworks",
				);
				MARKETING_VERSION = 1.0;
				PRODUCT_BUNDLE_IDENTIFIER = kustaurant.Kustaurant;
				PRODUCT_NAME = "$(TARGET_NAME)";
				SUPPORTED_PLATFORMS = "iphoneos iphonesimulator";
				SUPPORTS_MACCATALYST = NO;
				SUPPORTS_MAC_DESIGNED_FOR_IPHONE_IPAD = NO;
				SUPPORTS_XR_DESIGNED_FOR_IPHONE_IPAD = NO;
				SWIFT_EMIT_LOC_STRINGS = YES;
				SWIFT_VERSION = 5.0;
				TARGETED_DEVICE_FAMILY = 1;
			};
			name = Debug;
		};
		58D83A882C3A785A00511AB9 /* Release */ = {
			isa = XCBuildConfiguration;
			buildSettings = {
				API_BASE_URL = "http://3.35.154.191:9090";
				ASSETCATALOG_COMPILER_APPICON_NAME = AppIcon;
				ASSETCATALOG_COMPILER_GLOBAL_ACCENT_COLOR_NAME = AccentColor;
				CODE_SIGN_STYLE = Automatic;
				CURRENT_PROJECT_VERSION = 1;
				DEVELOPMENT_TEAM = E98D6ZNGDP;
				GENERATE_INFOPLIST_FILE = YES;
				INFOPLIST_FILE = Kustaurant/Resources/Info.plist;
				INFOPLIST_KEY_UIApplicationSupportsIndirectInputEvents = YES;
				INFOPLIST_KEY_UILaunchStoryboardName = LaunchScreen;
				INFOPLIST_KEY_UIStatusBarStyle = "";
				INFOPLIST_KEY_UISupportedInterfaceOrientations = UIInterfaceOrientationPortrait;
				INFOPLIST_KEY_UISupportedInterfaceOrientations_iPad = "UIInterfaceOrientationLandscapeLeft UIInterfaceOrientationLandscapeRight UIInterfaceOrientationPortrait UIInterfaceOrientationPortraitUpsideDown";
				IPHONEOS_DEPLOYMENT_TARGET = 16.0;
				LD_RUNPATH_SEARCH_PATHS = (
					"$(inherited)",
					"@executable_path/Frameworks",
				);
				MARKETING_VERSION = 1.0;
				PRODUCT_BUNDLE_IDENTIFIER = kustaurant.Kustaurant;
				PRODUCT_NAME = "$(TARGET_NAME)";
				SUPPORTED_PLATFORMS = "iphoneos iphonesimulator";
				SUPPORTS_MACCATALYST = NO;
				SUPPORTS_MAC_DESIGNED_FOR_IPHONE_IPAD = NO;
				SUPPORTS_XR_DESIGNED_FOR_IPHONE_IPAD = NO;
				SWIFT_EMIT_LOC_STRINGS = YES;
				SWIFT_VERSION = 5.0;
				TARGETED_DEVICE_FAMILY = 1;
			};
			name = Release;
		};
		58D83A8A2C3A785A00511AB9 /* Debug */ = {
			isa = XCBuildConfiguration;
			buildSettings = {
				ALWAYS_EMBED_SWIFT_STANDARD_LIBRARIES = YES;
				BUNDLE_LOADER = "$(TEST_HOST)";
				CODE_SIGN_STYLE = Automatic;
				CURRENT_PROJECT_VERSION = 1;
				DEVELOPMENT_TEAM = E98D6ZNGDP;
				GENERATE_INFOPLIST_FILE = YES;
				IPHONEOS_DEPLOYMENT_TARGET = 17.2;
				MARKETING_VERSION = 1.0;
				PRODUCT_BUNDLE_IDENTIFIER = kustaurant.KustaurantTests;
				PRODUCT_NAME = "$(TARGET_NAME)";
				SWIFT_EMIT_LOC_STRINGS = NO;
				SWIFT_VERSION = 5.0;
				TARGETED_DEVICE_FAMILY = "1,2";
				TEST_HOST = "$(BUILT_PRODUCTS_DIR)/Kustaurant.app/$(BUNDLE_EXECUTABLE_FOLDER_PATH)/Kustaurant";
			};
			name = Debug;
		};
		58D83A8B2C3A785A00511AB9 /* Release */ = {
			isa = XCBuildConfiguration;
			buildSettings = {
				ALWAYS_EMBED_SWIFT_STANDARD_LIBRARIES = YES;
				BUNDLE_LOADER = "$(TEST_HOST)";
				CODE_SIGN_STYLE = Automatic;
				CURRENT_PROJECT_VERSION = 1;
				DEVELOPMENT_TEAM = E98D6ZNGDP;
				GENERATE_INFOPLIST_FILE = YES;
				IPHONEOS_DEPLOYMENT_TARGET = 17.2;
				MARKETING_VERSION = 1.0;
				PRODUCT_BUNDLE_IDENTIFIER = kustaurant.KustaurantTests;
				PRODUCT_NAME = "$(TARGET_NAME)";
				SWIFT_EMIT_LOC_STRINGS = NO;
				SWIFT_VERSION = 5.0;
				TARGETED_DEVICE_FAMILY = "1,2";
				TEST_HOST = "$(BUILT_PRODUCTS_DIR)/Kustaurant.app/$(BUNDLE_EXECUTABLE_FOLDER_PATH)/Kustaurant";
			};
			name = Release;
		};
/* End XCBuildConfiguration section */

/* Begin XCConfigurationList section */
		58D83A572C3A785800511AB9 /* Build configuration list for PBXProject "Kustaurant" */ = {
			isa = XCConfigurationList;
			buildConfigurations = (
				58D83A842C3A785A00511AB9 /* Debug */,
				58D83A852C3A785A00511AB9 /* Release */,
			);
			defaultConfigurationIsVisible = 0;
			defaultConfigurationName = Release;
		};
		58D83A862C3A785A00511AB9 /* Build configuration list for PBXNativeTarget "Kustaurant" */ = {
			isa = XCConfigurationList;
			buildConfigurations = (
				58D83A872C3A785A00511AB9 /* Debug */,
				58D83A882C3A785A00511AB9 /* Release */,
			);
			defaultConfigurationIsVisible = 0;
			defaultConfigurationName = Release;
		};
		58D83A892C3A785A00511AB9 /* Build configuration list for PBXNativeTarget "KustaurantTests" */ = {
			isa = XCConfigurationList;
			buildConfigurations = (
				58D83A8A2C3A785A00511AB9 /* Debug */,
				58D83A8B2C3A785A00511AB9 /* Release */,
			);
			defaultConfigurationIsVisible = 0;
			defaultConfigurationName = Release;
		};
/* End XCConfigurationList section */
	};
	rootObject = 58D83A542C3A785800511AB9 /* Project object */;
}
